
Microsoft Visual Studio Solution File, Format Version 12.00
# Visual Studio Version 17
VisualStudioVersion = 17.9.34728.123
MinimumVisualStudioVersion = 10.0.40219.1
Project("{FAE04EC0-301F-11D3-BF4B-00C04F79EFBC}") = "MM-Invoice-Final", "MM-Invoice-Final\MM-Invoice-Final.csproj", "{96EB2A43-EE73-4E0A-80B6-C64084CE6C58}"
EndProject
Global
	GlobalSection(SolutionConfigurationPlatforms) = preSolution
		Debug|Any CPU = Debug|Any CPU
		Release|Any CPU = Release|Any CPU
	EndGlobalSection
	GlobalSection(ProjectConfigurationPlatforms) = postSolution
		{96EB2A43-EE73-4E0A-80B6-C64084CE6C58}.Debug|Any CPU.ActiveCfg = Debug|Any CPU
		{96EB2A43-EE73-4E0A-80B6-C64084CE6C58}.Debug|Any CPU.Build.0 = Debug|Any CPU
		{96EB2A43-EE73-4E0A-80B6-C64084CE6C58}.Release|Any CPU.ActiveCfg = Release|Any CPU
		{96EB2A43-EE73-4E0A-80B6-C64084CE6C58}.Release|Any CPU.Build.0 = Release|Any CPU
	EndGlobalSection
	GlobalSection(SolutionProperties) = preSolution
		HideSolutionNode = FALSE
	EndGlobalSection
	GlobalSection(ExtensibilityGlobals) = postSolution
		SolutionGuid = {AA1DB27B-2E32-4DDD-89AF-F819438728FE}
	EndGlobalSection
EndGlobal
